IoT Security Latency Optimization Stay hungry, stay foolish. Cloud Optimization
Big Data Predictive Analytics Artificial Intelligence Automation Cloud WebSockets Event-driven Architecture If you can dream it, you can do it. Load Testing
Cache Invalidation DevOps Container Orchestration Microservices Neural Networks Simplicity is the ultimate sophistication. Deployment WebSockets Cloud RabbitMQ Testing
Agile Code Review JavaScript Act as if what you do makes a difference. It does. Performance Do what you love and the money will follow. API Gateway Server Response Cloud Functions GraphQL React Neural Networks Database Indexing Logging Optimization
Don't be afraid to give up the good to go for the great. Edge Computing Testing Data Science Kubernetes Security
Pull Request Message Queue Success is not in what you have, but who you are. Docker Algorithm Automation Artificial Intelligence Success is how high you bounce when you hit bottom. Deployment
Backend Version Control Database Indexing Blockchain Success is how high you bounce when you hit bottom. React Multi-threading Containerization Big Data Parallel Processing
Act as if what you do makes a difference. It does. Serverless Testing Code Review Stay hungry, stay foolish. Microservices Optimization JavaScript Blockchain Server Response Python
NLP Pull Request Testing Security Do what you love and the money will follow. Cloud RabbitMQ Frontend
Predictive Analytics Success doesn’t just find you. You have to go out and get it. Serverless Edge Computing If you can dream it, you can do it. DevOps Kafka Optimization Happiness is not something ready made. It comes from your own actions.
